
Microsoft Visual Studio Solution File, Format Version 12.00
# Visual Studio 15
VisualStudioVersion = 15.0.27004.2009
MinimumVisualStudioVersion = 10.0.40219.1
Project("{FAE04EC0-301F-11D3-BF4B-00C04F79EFBC}") = "SimpleCalculator", "SimpleCalculator\SimpleCalculator.csproj", "{0F48D461-48B6-4BF1-8E9F-2859A64D87F0}"
EndProject
Global
	GlobalSection(SolutionConfigurationPlatforms) = preSolution
		Debug|Any CPU = Debug|Any CPU
		Release|Any CPU = Release|Any CPU
	EndGlobalSection
	GlobalSection(ProjectConfigurationPlatforms) = postSolution
		{0F48D461-48B6-4BF1-8E9F-2859A64D87F0}.Debug|Any CPU.ActiveCfg = Debug|Any CPU
		{0F48D461-48B6-4BF1-8E9F-2859A64D87F0}.Debug|Any CPU.Build.0 = Debug|Any CPU
		{0F48D461-48B6-4BF1-8E9F-2859A64D87F0}.Release|Any CPU.ActiveCfg = Release|Any CPU
		{0F48D461-48B6-4BF1-8E9F-2859A64D87F0}.Release|Any CPU.Build.0 = Release|Any CPU
	EndGlobalSection
	GlobalSection(SolutionProperties) = preSolution
		HideSolutionNode = FALSE
	EndGlobalSection
	GlobalSection(ExtensibilityGlobals) = postSolution
		SolutionGuid = {22B36605-F83E-41A3-BFF3-6B7734D0C4FB}
	EndGlobalSection
EndGlobal
